github.com/gethugothemes/hugo-modules/adsense v0.0.0-20221221043855-8d5b652c0020 h1:F2PyCidVnlVIA9woiIjvKsmtUcwMvdXI+TrlNKf+n+I=
github.com/gethugothemes/hugo-modules/adsense v0.0.0-20221221043855-8d5b652c0020/go.mod h1:a8Zxx3H4sHfMEa1IrzRMLJaEqKWmXY2I8nvMCpkKTKI=
github.com/gethugothemes/hugo-modules/components/cookie-consent v0.0.0-20221221043855-8d5b652c0020 h1:5kCiXxLBfH6PKB3wPuo0cSReKEV5nX7qM+vH0e43WY8=
github.com/gethugothemes/hugo-modules/components/cookie-consent v0.0.0-20221221043855-8d5b652c0020/go.mod h1:sWzPbaJoZU+0ca82cv8xynDdCaFdr1WHMK1PTrK0EiM=
github.com/gethugothemes/hugo-modules/components/crisp-chat v0.0.0-20221221043855-8d5b652c0020 h1:LbRZA/ZvnFpdCF9eNqL4cbcC+EasSfBEzusbIm/1MSg=
github.com/gethugothemes/hugo-modules/components/crisp-chat v0.0.0-20221221043855-8d5b652c0020/go.mod h1:/L7x+khoD2wloSHE6aPw4Pa/70IWn6aLaSDYP10qasc=
github.com/gethugothemes/hugo-modules/components/preloader v0.0.0-20221221043855-8d5b652c0020 h1:noUifn0KpM+AGhz6hpTDPf/Vz1GeWbyNMmQy4eNo9Io=
github.com/gethugothemes/hugo-modules/components/preloader v0.0.0-20221221043855-8d5b652c0020/go.mod h1:cge+6t2v+Z8CO/K94FwP7uMZoF+bzA0ctxaLh1WHrHc=
github.com/gethugothemes/hugo-modules/components/render-link v0.0.0-20221221043855-8d5b652c0020 h1:h1upQQlv9GZDzhLqs50L9cycj28A501VKnMm8Sxqkb8=
github.com/gethugothemes/hugo-modules/components/render-link v0.0.0-20221221043855-8d5b652c0020/go.mod h1:+TDlxJ8OIYePBAcGVJVBXjEtawfvXU6ulU8w4LEgyOI=
github.com/gethugothemes/hugo-modules/components/social-share v0.0.0-20221221043855-8d5b652c0020 h1:RVrKf8mb0d6ZvjZuwUTfy6r+lgEfUujDEWFThRfsfZU=
github.com/gethugothemes/hugo-modules/components/social-share v0.0.0-20221221043855-8d5b652c0020/go.mod h1:v5oZkYiFVUGtOO2DLYLaKaKQ3wvoX9hhRqtKK2hfVHs=
github.com/gethugothemes/hugo-modules/components/valine-comment v0.0.0-20221221043855-8d5b652c0020 h1:8Cxa2x0Y9N/xs98JoKrsuHXPYst1quGk+hAboiem+yE=
github.com/gethugothemes/hugo-modules/components/valine-comment v0.0.0-20221221043855-8d5b652c0020/go.mod h1:q8rNqaMkS6gexC3UBzWgbzLoOPRCCsTH/RcpxRMR984=
github.com/gethugothemes/hugo-modules/gzip-caching v0.0.0-20221221043855-8d5b652c0020 h1:pEldTjYgyM3Hvw14+tJOL3Ckfuev4W8Z3pdButeRh/A=
github.com/gethugothemes/hugo-modules/gzip-caching v0.0.0-20221221043855-8d5b652c0020/go.mod h1:L6OgQZzB2qmj5499M4XSAvUXKG/vo6Sgmyaosjsjj84=
github.com/gethugothemes/hugo-modules/icons/font-awesome v0.0.0-20221221043855-8d5b652c0020 h1:MAaVo7rlCgik1w3MaYPpaoqrX0hZshQQEfwMz8y+V7U=
github.com/gethugothemes/hugo-modules/icons/font-awesome v0.0.0-20221221043855-8d5b652c0020/go.mod h1:6oWFTnmfHxtDU3t6Wj4d4lmvBg/cZLb1l5CpnfOiS0c=
github.com/gethugothemes/hugo-modules/images v0.0.0-20221221043855-8d5b652c0020 h1:LzL9HKKVIuLqcb8Lv6dU1dHee0zOLhOlB1yLajszDII=
github.com/gethugothemes/hugo-modules/images v0.0.0-20221221043855-8d5b652c0020/go.mod h1:kmJnNFAQo/bls1U8QpUD99FSB0ZqaiLI0NoxNIWBqg0=
github.com/gethugothemes/hugo-modules/pwa v0.0.0-20221221043855-8d5b652c0020 h1:0bUeP1tMNPQg0hGA2Bb5eYBhTEhtsLjvQ6/ONcupyL4=
github.com/gethugothemes/hugo-modules/pwa v0.0.0-20221221043855-8d5b652c0020/go.mod h1:Md7tUKcLT/eGRi4OTKpi3AxHxZJULdDFUL/VOAMZe24=
github.com/gethugothemes/hugo-modules/seo-tools/baidu-analytics v0.0.0-20221221043855-8d5b652c0020 h1:N2ZzqW78zQYyBRoe9t71f9iDYycpWHIOuPXInjuY+VI=
github.com/gethugothemes/hugo-modules/seo-tools/baidu-analytics v0.0.0-20221221043855-8d5b652c0020/go.mod h1:5nK/nKxJjbLhiYwTAsDqcJM9TuXC/XYrs+kA2l3V78g=
github.com/gethugothemes/hugo-modules/seo-tools/basic-seo v0.0.0-20221221043855-8d5b652c0020 h1:O9SpO2auQV9RDm5vyQAG47QLgu1VzkBGaoxqhu1tabA=
github.com/gethugothemes/hugo-modules/seo-tools/basic-seo v0.0.0-20221221043855-8d5b652c0020/go.mod h1:1NoEXD4ibH6gAzyS4HwJqc6nXoQYUJBMpCfWdQzzm8A=
github.com/gethugothemes/hugo-modules/seo-tools/counter-analytics v0.0.0-20221221043855-8d5b652c0020 h1:7NK3TwF+lnkZytpmq0yO9oUJW9bJLoisepHMWFP3jI4=
github.com/gethugothemes/hugo-modules/seo-tools/counter-analytics v0.0.0-20221221043855-8d5b652c0020/go.mod h1:iTvG1ZX6AuQnVS7w2egtzlYiCFHS8ydtNkiFSf2ah+Y=
github.com/gethugothemes/hugo-modules/seo-tools/google-tag-manager v0.0.0-20221221043855-8d5b652c0020 h1:jerFuJLTPKqjiOqGUlg4EKX6HEVCO8aNphN6BIoQDhU=
github.com/gethugothemes/hugo-modules/seo-tools/google-tag-manager v0.0.0-20221221043855-8d5b652c0020/go.mod h1:zORKJDYM+W1S7BL3OD7vB/W3skoJzDude5wSS7xh7u4=
github.com/gethugothemes/hugo-modules/seo-tools/matomo-analytics v0.0.0-20221221043855-8d5b652c0020 h1:BCvjuZK4S8FZwp1ZzZ1mPiUfjZFEXwuKSc1tkLqxFf0=
github.com/gethugothemes/hugo-modules/seo-tools/matomo-analytics v0.0.0-20221221043855-8d5b652c0020/go.mod h1:CCx/ROCbZydd/KxGwIEp/BHLSpeG7QqS04gQv/jHIv4=
github.com/gethugothemes/hugo-modules/seo-tools/plausible-analytics v0.0.0-20221221043855-8d5b652c0020 h1:IkuNZTaWN1Kmdngn8Yyl5hvY45fWWfMRXhLlJiPrM2o=
github.com/gethugothemes/hugo-modules/seo-tools/plausible-analytics v0.0.0-20221221043855-8d5b652c0020/go.mod h1:Q/QQkcNHEAolYrtxZ8EFVCv8ah2CrHhQ3+mbPvGzmKg=
github.com/gethugothemes/hugo-modules/seo-tools/site-verifications v0.0.0-20221221043855-8d5b652c0020 h1:7T57oWlS+waqPt5KVSqC5uTNwYwcJWFWkkR1UlpNwWw=
github.com/gethugothemes/hugo-modules/seo-tools/site-verifications v0.0.0-20221221043855-8d5b652c0020/go.mod h1:tHubpePaBJfKBbNA4TVluIFU6a8XnnR+PaTScpfZE2w=
github.com/gethugothemes/hugo-modules/shortcodes/buttons v0.0.0-20221221043855-8d5b652c0020 h1:uNn3YYKnFdlo3kwiBfwmNmmL30QGNSbUK22tcq9C55o=
github.com/gethugothemes/hugo-modules/shortcodes/buttons v0.0.0-20221221043855-8d5b652c0020/go.mod h1:4KE94YGEyfAHgYJKmQhHVm4U6zF8udSNr0AyeAU1oCU=
github.com/gethugothemes/hugo-modules/shortcodes/codepen v0.0.0-20221221043855-8d5b652c0020 h1:svmaiTAeGg+Mqgto83AIdKNEY0xy8SCLeBLBhr7GYN8=
github.com/gethugothemes/hugo-modules/shortcodes/codepen v0.0.0-20221221043855-8d5b652c0020/go.mod h1:sxfCbmKAcHTpApzOji672pLZ41YXy/Piy/L/rK5RnkI=
github.com/gethugothemes/hugo-modules/shortcodes/collapse v0.0.0-20221221043855-8d5b652c0020 h1:DKJc1gbHC9RWzNHji4NaTMpMgBL4EScrqLXPyKg7FWY=
github.com/gethugothemes/hugo-modules/shortcodes/collapse v0.0.0-20221221043855-8d5b652c0020/go.mod h1:9Bq8rrzsHP0H4cnlGh9Jgx+Y+iof1+7CWK/a3nImHCc=
github.com/gethugothemes/hugo-modules/shortcodes/gallery v0.0.0-20221221043855-8d5b652c0020 h1:gkRqRSKechP9qMPoQBivMWCAA7BFQUjhoN/4L21wU5o=
github.com/gethugothemes/hugo-modules/shortcodes/gallery v0.0.0-20221221043855-8d5b652c0020/go.mod h1:0IiyZojIP4jdCJjnFT7gAmPGzl/ZrAEN5fgZ1wcaWX4=
github.com/gethugothemes/hugo-modules/shortcodes/image v0.0.0-20221221043855-8d5b652c0020 h1:ZHCFw+KeKq6H2/GHSwaP270DbrOVq9Kbd1yPA70LgqU=
github.com/gethugothemes/hugo-modules/shortcodes/image v0.0.0-20221221043855-8d5b652c0020/go.mod h1:HQLF/WH52nSjSIo3DeztUZ+wLj+UlgeR2dwgtE2EqUg=
github.com/gethugothemes/hugo-modules/shortcodes/notice v0.0.0-20221221043855-8d5b652c0020 h1:s7bo8l8efyDwNtD5Nwo8sWxvAftJhRI5I3r2x1zOp70=
github.com/gethugothemes/hugo-modules/shortcodes/notice v0.0.0-20221221043855-8d5b652c0020/go.mod h1:n2yAJO6bRpUQ1KDyTZhYeL+0p18gslzqFaDjzDxUeyk=
github.com/gethugothemes/hugo-modules/shortcodes/table-of-contents v0.0.0-20221221043855-8d5b652c0020 h1:4WrKPMJO3FAAcW06McZPQ/2sEUa9iHosHaYgtIAoU84=
github.com/gethugothemes/hugo-modules/shortcodes/table-of-contents v0.0.0-20221221043855-8d5b652c0020/go.mod h1:E23tqmkeXRMR8IU8hTpG2oPM23MqV2FvCMcR1Xhg7nk=
github.com/gethugothemes/hugo-modules/shortcodes/tabs v0.0.0-20221221043855-8d5b652c0020 h1:Bv9qvD7x2giWUjDRSDLvxRaVC1WBsej852+2K3agbx4=
github.com/gethugothemes/hugo-modules/shortcodes/tabs v0.0.0-20221221043855-8d5b652c0020/go.mod h1:1GbDNUufvDpQkk91HLfNsY041+1Y8q64ZJRNwreUhzY=
github.com/gethugothemes/hugo-modules/shortcodes/video v0.0.0-20221221043855-8d5b652c0020 h1:hEmaM0aHXoW5o/C3y7qCcUgm3jkK6GCuwIYDAiOMXBk=
github.com/gethugothemes/hugo-modules/shortcodes/video v0.0.0-20221221043855-8d5b652c0020/go.mod h1:0CCU/WXfZEL5d9P/ygxCwIBoFk3O2eNf3g8KlX/2oBw=
github.com/gethugothemes/hugo-modules/shortcodes/vimeo-lite v0.0.0-20221221043855-8d5b652c0020 h1:+elP0MMleqgpoFl/WcR8+K0g717L6Ngvl34gt917tv0=
github.com/gethugothemes/hugo-modules/shortcodes/vimeo-lite v0.0.0-20221221043855-8d5b652c0020/go.mod h1:wwR/HpUs1unDwSpnBKqhjEj69zfkaSRXOYX+aDdyMzA=
github.com/gethugothemes/hugo-modules/shortcodes/youtube-lite v0.0.0-20221221043855-8d5b652c0020 h1:c0XSUtadaOf6GEYaR+ZJIRzF1EQTTnAxhPcutGJuJ0Y=
github.com/gethugothemes/hugo-modules/shortcodes/youtube-lite v0.0.0-20221221043855-8d5b652c0020/go.mod h1:PPyKn2XwfX8A8jt8J24w6XpTOFpsiDk6kz7/HfsF+Jc=
github.com/gohugoio/hugo-mod-bootstrap-scss/v5 v5.20200.20101 h1:wUe8RXjpJYs83CucuWJT7XuqCzQ52f5/N7zlV8woHEg=
github.com/gohugoio/hugo-mod-bootstrap-scss/v5 v5.20200.20101/go.mod h1:Z5Bhe4pfn8reoHhWqCQMWEAynLCIeBAt1TDwni4fipM=
github.com/gohugoio/hugo-mod-jslibs-dist/popperjs/v2 v2.21100.20000/go.mod h1:mFberT6ZtcchrsDtfvJM7aAH2bDKLdOnruUHl0hlapI=
github.com/twbs/bootstrap v5.2.1+incompatible/go.mod h1:fZTSrkpSf0/HkL0IIJzvVspTt1r9zuf7XlZau8kpcY0=
